{
  "version": 4,
  "terraform_version": "1.9.5",
  "serial": 721,
  "lineage": "5caa320e-89a4-4a96-d5d8-2facb55891c0",
  "outputs": {},
  "resources": [
    {
      "mode": "managed",
      "type": "aws_eks_cluster",
      "name": "eks_cluster",
      "provider": "provider[\"registry.terraform.io/hashicorp/aws\"]",
      "instances": [
        {
          "schema_version": 1,
          "attributes": {
            "access_config": [
              {
                "authentication_mode": "CONFIG_MAP",
                "bootstrap_cluster_creator_admin_permissions": true
              }
            ],
            "arn": "arn:aws:eks:us-east-1:069057294951:cluster/car-dev-eksdemo",
            "bootstrap_self_managed_addons": true,
            "certificate_authority": [
              {
                "data": "LS0tLS1CRUdJTiBDRVJUSUZJQ0FURS0tLS0tCk1JSURCVENDQWUyZ0F3SUJBZ0lJUWlpdlVEQng0RDR3RFFZSktvWklodmNOQVFFTEJRQXdGVEVUTUJFR0ExVUUKQXhNS2EzVmlaWEp1WlhSbGN6QWVGdzB5TlRBeU1UQXhNek16TURsYUZ3MHpOVEF5TURneE16TTRNRGxhTUJVeApFekFSQmdOVkJBTVRDbXQxWW1WeWJtVjBaWE13Z2dFaU1BMEdDU3FHU0liM0RRRUJBUVVBQTRJQkR3QXdnZ0VLCkFvSUJBUUNuQ2cvdmczQnFaM1BUQUFnNzNHcWZlNlhoWEpDSzZrVVdjRjNWT3RtQ09YcDZnaWk0aHNIMjZoNDAKNHNyZjhRVWlVVFNMS0ozN3pjZW94OGZvUGtoNE1qT1ZucXZlVVYxSGhWZkdrRlo4TnY4c0doQURWMmxuQWlVdwpXRXh4OWtTcFhkQ1BJMmpOMGo4LzBmaXowUTFTbHBENjhlQVpyR0EyMU9GejJ3RDJ6N09Pa1B4cWVoMVN3bUk0Cml6WkJCSWdOeXA1ZVJVVXdBMEpYNmxWVE1Ja2twN3I2dlhhYWhXU0ZYaStWZVNDVkVTclVaQ0ZuNFBSRmZUMTcKTTQrTGJIZk40bm5nT1NaTGNqdjFOSVB0MEVmUlpwY0RoQkRETCtLdnBDenc1RW45OE5KSkI3RnJYeWhtTDVUVQoyNTl3LzFnM3NPTkh6VU9vcWl5MlZwUklWMHFwQWdNQkFBR2pXVEJYTUE0R0ExVWREd0VCL3dRRUF3SUNwREFQCkJnTlZIUk1CQWY4RUJUQURBUUgvTUIwR0ExVWREZ1FXQkJTcTB2TTZpNTRuY3BnSGpFQTdrd0RyK2FHTXREQVYKQmdOVkhSRUVEakFNZ2dwcmRXSmxjbTVsZEdWek1BMEdDU3FHU0liM0RRRUJDd1VBQTRJQkFRQmVnUE1GV3R1ZQo5N2NibzZLRVhEc3Fzc0JtMTlVRUxTZWhGOTN2K2ExaGRWaVZUS1E4Tkp5WlBVbHdPaWI1U1BVZ0dEN0tSOG9sCjlBbEpuVWttTHJrTmhldnQraUJPb2FzRS96NkRhaml1M0t4dUpnMTdpOWVKSExCUlNjcElBTVcrT051TzZlUlQKRlIxSk83aTB4MzIxWFl0c3lma3hEL0dPb1IzemFVanhyTHRSSTJDek42WlVzYUxBU1ZxN1lseXpMRXFucWovVwpSM1hnUHBvZTRTTzdXTFZ2b0l3SGp2K0JXSjBLWFEzWlFaaFh3eitQVnFEbDNjdjRKZ3FDcm9VbGRCZGtSNWtYCkROOHpVUXJrZ2JLNHllZjViVWIzYXEwR1AyZ09iUDA4eGt1Y1RPUGVyNEw5YzZGbVFYR2dJdnFsTjQ5ei96T24KKzg4UHExVzhXRk1VCi0tLS0tRU5EIENFUlRJRklDQVRFLS0tLS0K"
              }
            ],
            "cluster_id": null,
            "created_at": "2025-02-10T13:32:53Z",
            "enabled_cluster_log_types": [
              "api",
              "audit",
              "authenticator",
              "controllerManager",
              "scheduler"
            ],
            "encryption_config": [],
            "endpoint": "https://43943CB74C91D9BA276F86804EAD550E.gr7.us-east-1.eks.amazonaws.com",
            "id": "car-dev-eksdemo",
            "identity": [
              {
                "oidc": [
                  {
                    "issuer": "https://oidc.eks.us-east-1.amazonaws.com/id/43943CB74C91D9BA276F86804EAD550E"
                  }
                ]
              }
            ],
            "kubernetes_network_config": [
              {
                "ip_family": "ipv4",
                "service_ipv4_cidr": "172.20.0.0/16",
                "service_ipv6_cidr": ""
              }
            ],
            "name": "car-dev-eksdemo",
            "outpost_config": [],
            "platform_version": "eks.26",
            "role_arn": "arn:aws:iam::069057294951:role/car-dev-eks-master-role",
            "status": "ACTIVE",
            "tags": {},
            "tags_all": {},
            "timeouts": null,
            "upgrade_policy": [
              {
                "support_type": "EXTENDED"
              }
            ],
            "version": "1.30",
            "vpc_config": [
              {
                "cluster_security_group_id": "sg-0cf23ca498415655b",
                "endpoint_private_access": false,
                "endpoint_public_access": true,
                "public_access_cidrs": [
                  "0.0.0.0/0"
                ],
                "security_group_ids": [],
                "subnet_ids": [
                  "subnet-0674e7c71457272c9",
                  "subnet-0ce1414415e1bf425"
                ],
                "vpc_id": "vpc-085e019910e8d63a0"
              }
            ]
          },
          "sensitive_attributes": [],
          "private": "eyJlMmJmYjczMC1lY2FhLTExZTYtOGY4OC0zNDM2M2JjN2M0YzAiOnsiY3JlYXRlIjoxODAwMDAwMDAwMDAwLCJkZWxldGUiOjkwMDAwMDAwMDAwMCwidXBkYXRlIjozNjAwMDAwMDAwMDAwfSwic2NoZW1hX3ZlcnNpb24iOiIxIn0=",
          "dependencies": [
            "aws_iam_role.eks_master_role",
            "aws_iam_role_policy_attachment.eks-AmazonEKSClusterPolicy",
            "aws_iam_role_policy_attachment.eks-AmazonEKSVPCResourceController",
            "module.vpc.aws_subnet.public",
            "module.vpc.aws_vpc.this",
            "module.vpc.aws_vpc_ipv4_cidr_block_association.this"
          ],
          "create_before_destroy": true
        }
      ]
    },
    {
      "mode": "managed",
      "type": "aws_iam_role",
      "name": "eks_master_role",
      "provider": "provider[\"registry.terraform.io/hashicorp/aws\"]",
      "instances": [
        {
          "schema_version": 0,
          "attributes": {
            "arn": "arn:aws:iam::069057294951:role/car-dev-eks-master-role",
            "assume_role_policy": "{\"Statement\":[{\"Action\":\"sts:AssumeRole\",\"Effect\":\"Allow\",\"Principal\":{\"Service\":\"eks.amazonaws.com\"}}],\"Version\":\"2012-10-17\"}",
            "create_date": "2025-02-10T13:32:26Z",
            "description": "",
            "force_detach_policies": false,
            "id": "car-dev-eks-master-role",
            "inline_policy": [],
            "managed_policy_arns": [
              "arn:aws:iam::aws:policy/AmazonEKSClusterPolicy",
              "arn:aws:iam::aws:policy/AmazonEKSVPCResourceController"
            ],
            "max_session_duration": 3600,
            "name": "car-dev-eks-master-role",
            "name_prefix": "",
            "path": "/",
            "permissions_boundary": "",
            "tags": {},
            "tags_all": {},
            "unique_id": "AROARAFBCWJTX34HG3DCY"
          },
          "sensitive_attributes": [],
          "private": "bnVsbA==",
          "create_before_destroy": true
        }
      ]
    },
    {
      "mode": "managed",
      "type": "aws_iam_role_policy_attachment",
      "name": "eks-AmazonEKSClusterPolicy",
      "provider": "provider[\"registry.terraform.io/hashicorp/aws\"]",
      "instances": [
        {
          "schema_version": 0,
          "attributes": {
            "id": "car-dev-eks-master-role-20250210133227490700000001",
            "policy_arn": "arn:aws:iam::aws:policy/AmazonEKSClusterPolicy",
            "role": "car-dev-eks-master-role"
          },
          "sensitive_attributes": [],
          "private": "bnVsbA==",
          "dependencies": [
            "aws_iam_role.eks_master_role"
          ],
          "create_before_destroy": true
        }
      ]
    },
    {
      "mode": "managed",
      "type": "aws_iam_role_policy_attachment",
      "name": "eks-AmazonEKSVPCResourceController",
      "provider": "provider[\"registry.terraform.io/hashicorp/aws\"]",
      "instances": [
        {
          "schema_version": 0,
          "attributes": {
            "id": "car-dev-eks-master-role-20250210133227493400000002",
            "policy_arn": "arn:aws:iam::aws:policy/AmazonEKSVPCResourceController",
            "role": "car-dev-eks-master-role"
          },
          "sensitive_attributes": [],
          "private": "bnVsbA==",
          "dependencies": [
            "aws_iam_role.eks_master_role"
          ],
          "create_before_destroy": true
        }
      ]
    },
    {
      "module": "module.vpc",
      "mode": "managed",
      "type": "aws_subnet",
      "name": "public",
      "provider": "provider[\"registry.terraform.io/hashicorp/aws\"]",
      "instances": [
        {
          "index_key": 0,
          "schema_version": 1,
          "attributes": {
            "arn": "arn:aws:ec2:us-east-1:069057294951:subnet/subnet-0674e7c71457272c9",
            "assign_ipv6_address_on_creation": false,
            "availability_zone": "us-east-1a",
            "availability_zone_id": "use1-az4",
            "cidr_block": "10.59.0.0/18",
            "customer_owned_ipv4_pool": "",
            "enable_dns64": false,
            "enable_lni_at_device_index": 0,
            "enable_resource_name_dns_a_record_on_launch": false,
            "enable_resource_name_dns_aaaa_record_on_launch": false,
            "id": "subnet-0674e7c71457272c9",
            "ipv6_cidr_block": "",
            "ipv6_cidr_block_association_id": "",
            "ipv6_native": false,
            "map_customer_owned_ip_on_launch": false,
            "map_public_ip_on_launch": true,
            "outpost_arn": "",
            "owner_id": "069057294951",
            "private_dns_hostname_type_on_launch": "ip-name",
            "tags": {
              "Name": "car-dev-us-east-1-public-us-east-1a",
              "environment": "dev",
              "owners": "car"
            },
            "tags_all": {
              "Name": "car-dev-us-east-1-public-us-east-1a",
              "environment": "dev",
              "owners": "car"
            },
            "timeouts": null,
            "vpc_id": "vpc-085e019910e8d63a0"
          },
          "sensitive_attributes": [],
          "private": "eyJlMmJmYjczMC1lY2FhLTExZTYtOGY4OC0zNDM2M2JjN2M0YzAiOnsiY3JlYXRlIjo2MDAwMDAwMDAwMDAsImRlbGV0ZSI6MTIwMDAwMDAwMDAwMH0sInNjaGVtYV92ZXJzaW9uIjoiMSJ9",
          "dependencies": [
            "module.vpc.aws_vpc.this",
            "module.vpc.aws_vpc_ipv4_cidr_block_association.this"
          ],
          "create_before_destroy": true
        },
        {
          "index_key": 1,
          "schema_version": 1,
          "attributes": {
            "arn": "arn:aws:ec2:us-east-1:069057294951:subnet/subnet-0ce1414415e1bf425",
            "assign_ipv6_address_on_creation": false,
            "availability_zone": "us-east-1b",
            "availability_zone_id": "use1-az6",
            "cidr_block": "10.59.64.0/18",
            "customer_owned_ipv4_pool": "",
            "enable_dns64": false,
            "enable_lni_at_device_index": 0,
            "enable_resource_name_dns_a_record_on_launch": false,
            "enable_resource_name_dns_aaaa_record_on_launch": false,
            "id": "subnet-0ce1414415e1bf425",
            "ipv6_cidr_block": "",
            "ipv6_cidr_block_association_id": "",
            "ipv6_native": false,
            "map_customer_owned_ip_on_launch": false,
            "map_public_ip_on_launch": true,
            "outpost_arn": "",
            "owner_id": "069057294951",
            "private_dns_hostname_type_on_launch": "ip-name",
            "tags": {
              "Name": "car-dev-us-east-1-public-us-east-1b",
              "environment": "dev",
              "owners": "car"
            },
            "tags_all": {
              "Name": "car-dev-us-east-1-public-us-east-1b",
              "environment": "dev",
              "owners": "car"
            },
            "timeouts": null,
            "vpc_id": "vpc-085e019910e8d63a0"
          },
          "sensitive_attributes": [],
          "private": "eyJlMmJmYjczMC1lY2FhLTExZTYtOGY4OC0zNDM2M2JjN2M0YzAiOnsiY3JlYXRlIjo2MDAwMDAwMDAwMDAsImRlbGV0ZSI6MTIwMDAwMDAwMDAwMH0sInNjaGVtYV92ZXJzaW9uIjoiMSJ9",
          "dependencies": [
            "module.vpc.aws_vpc.this",
            "module.vpc.aws_vpc_ipv4_cidr_block_association.this"
          ],
          "create_before_destroy": true
        }
      ]
    },
    {
      "module": "module.vpc",
      "mode": "managed",
      "type": "aws_vpc",
      "name": "this",
      "provider": "provider[\"registry.terraform.io/hashicorp/aws\"]",
      "instances": [
        {
          "index_key": 0,
          "schema_version": 1,
          "attributes": {
            "arn": "arn:aws:ec2:us-east-1:069057294951:vpc/vpc-085e019910e8d63a0",
            "assign_generated_ipv6_cidr_block": false,
            "cidr_block": "10.59.0.0/16",
            "default_network_acl_id": "acl-0e4d5d6c836c5f648",
            "default_route_table_id": "rtb-0119f9ad8036a898f",
            "default_security_group_id": "sg-0edeb8370d0e119c1",
            "dhcp_options_id": "dopt-cd3276b6",
            "enable_dns_hostnames": true,
            "enable_dns_support": true,
            "enable_network_address_usage_metrics": false,
            "id": "vpc-085e019910e8d63a0",
            "instance_tenancy": "default",
            "ipv4_ipam_pool_id": null,
            "ipv4_netmask_length": null,
            "ipv6_association_id": "",
            "ipv6_cidr_block": "",
            "ipv6_cidr_block_network_border_group": "",
            "ipv6_ipam_pool_id": "",
            "ipv6_netmask_length": 0,
            "main_route_table_id": "rtb-0119f9ad8036a898f",
            "owner_id": "069057294951",
            "tags": {
              "Name": "car-dev-us-east-1",
              "environment": "dev",
              "owners": "car"
            },
            "tags_all": {
              "Name": "car-dev-us-east-1",
              "environment": "dev",
              "owners": "car"
            }
          },
          "sensitive_attributes": [],
          "private": "eyJzY2hlbWFfdmVyc2lvbiI6IjEifQ==",
          "create_before_destroy": true
        }
      ]
    }
  ],
  "check_results": null
}
